
Microsoft Visual Studio Solution File, Format Version 12.00
# Visual Studio Version 17
VisualStudioVersion = 17.14.36202.13 d17.14
MinimumVisualStudioVersion = 10.0.40219.1
Project("{FAE04EC0-301F-11D3-BF4B-00C04F79EFBC}") = "gigabyte-homework", "gigabyte-homework.csproj", "{DB4D5913-9C89-4201-A773-2F438C76C53E}"
EndProject
Global
	GlobalSection(SolutionConfigurationPlatforms) = preSolution
		Debug|Any CPU = Debug|Any CPU
		Release|Any CPU = Release|Any CPU
	EndGlobalSection
	GlobalSection(ProjectConfigurationPlatforms) = postSolution
		{DB4D5913-9C89-4201-A773-2F438C76C53E}.Debug|Any CPU.ActiveCfg = Debug|Any CPU
		{DB4D5913-9C89-4201-A773-2F438C76C53E}.Debug|Any CPU.Build.0 = Debug|Any CPU
		{DB4D5913-9C89-4201-A773-2F438C76C53E}.Release|Any CPU.ActiveCfg = Release|Any CPU
		{DB4D5913-9C89-4201-A773-2F438C76C53E}.Release|Any CPU.Build.0 = Release|Any CPU
	EndGlobalSection
	GlobalSection(SolutionProperties) = preSolution
		HideSolutionNode = FALSE
	EndGlobalSection
	GlobalSection(ExtensibilityGlobals) = postSolution
		SolutionGuid = {9D368A13-60FA-488E-B489-22EC561B6BA8}
	EndGlobalSection
EndGlobal
